// !$*UTF8*$!
{
	archiveVersion = 1;
	classes = {
	};
	objectVersion = 50;
	objects = {

/* Begin PBXBuildFile section */
		49704B2238F8C05C2E3C5FB7 /* Pods_VolunteerHourTrackerV2.framework in Frameworks */ = {isa = PBXBuildFile; fileRef = B48939C697F6CC9B5201FA3F /* Pods_VolunteerHourTrackerV2.framework */; };
		4B19BFD0210BDA9300451CC9 /* KeyboardDismissExtension.swift in Sources */ = {isa = PBXBuildFile; fileRef = 4B19BFCF210BDA9300451CC9 /* KeyboardDismissExtension.swift */; };
		4B683B6A21065258006EBF40 /* AppDelegate.swift in Sources */ = {isa = PBXBuildFile; fileRef = 4B683B6921065258006EBF40 /* AppDelegate.swift */; };
		4B683B6F21065258006EBF40 /* Main.storyboard in Resources */ = {isa = PBXBuildFile; fileRef = 4B683B6D21065258006EBF40 /* Main.storyboard */; };
		4B683B7221065258006EBF40 /* VolunteerHourTrackerV2.xcdatamodeld in Sources */ = {isa = PBXBuildFile; fileRef = 4B683B7021065258006EBF40 /* VolunteerHourTrackerV2.xcdatamodeld */; };
		4B683B7421065259006EBF40 /* Assets.xcassets in Resources */ = {isa = PBXBuildFile; fileRef = 4B683B7321065259006EBF40 /* Assets.xcassets */; };
		4B683B7721065259006EBF40 /* LaunchScreen.storyboard in Resources */ = {isa = PBXBuildFile; fileRef = 4B683B7521065259006EBF40 /* LaunchScreen.storyboard */; };
		4B683B7F2106537E006EBF40 /* HoursTableViewController.swift in Sources */ = {isa = PBXBuildFile; fileRef = 4B683B7E2106537E006EBF40 /* HoursTableViewController.swift */; };
		4B683B8621065502006EBF40 /* HourTableViewCell.swift in Sources */ = {isa = PBXBuildFile; fileRef = 4B683B8521065502006EBF40 /* HourTableViewCell.swift */; };
		4B683B882106698A006EBF40 /* CreateEntryViewController.swift in Sources */ = {isa = PBXBuildFile; fileRef = 4B683B872106698A006EBF40 /* CreateEntryViewController.swift */; };
		4B86132F210A4401006FF198 /* DonationTableViewCell.swift in Sources */ = {isa = PBXBuildFile; fileRef = 4B86132E210A4401006FF198 /* DonationTableViewCell.swift */; };
		4B861331210A8AA6006FF198 /* DonationViewController.swift in Sources */ = {isa = PBXBuildFile; fileRef = 4B861330210A8AA6006FF198 /* DonationViewController.swift */; };
		4BA25E8C2107EC650044E4B2 /* Date+convertToString.swift in Sources */ = {isa = PBXBuildFile; fileRef = 4BA25E8B2107EC650044E4B2 /* Date+convertToString.swift */; };
		4BA25E8E2108E5BA0044E4B2 /* CoreDataHelper.swift in Sources */ = {isa = PBXBuildFile; fileRef = 4BA25E8D2108E5BA0044E4B2 /* CoreDataHelper.swift */; };
		4BE3467421120D470049D14D /* pdfViewController.swift in Sources */ = {isa = PBXBuildFile; fileRef = 4BE3467321120D470049D14D /* pdfViewController.swift */; };
		4BE3467621121BD10049D14D /* DataProviderHelper.swift in Sources */ = {isa = PBXBuildFile; fileRef = 4BE3467521121BD10049D14D /* DataProviderHelper.swift */; };
/* End PBXBuildFile section */

/* Begin PBXFileReference section */
		4B19BFCF210BDA9300451CC9 /* KeyboardDismissExtension.swift */ = {isa = PBXFileReference; lastKnownFileType = sourcecode.swift; path = KeyboardDismissExtension.swift; sourceTree = "<group>"; };
		4B683B6621065258006EBF40 /* VolunteerHourTrackerV2.app */ = {isa = PBXFileReference; explicitFileType = wrapper.application; includeInIndex = 0; path = VolunteerHourTrackerV2.app; sourceTree = BUILT_PRODUCTS_DIR; };
		4B683B6921065258006EBF40 /* AppDelegate.swift */ = {isa = PBXFileReference; lastKnownFileType = sourcecode.swift; path = AppDelegate.swift; sourceTree = "<group>"; };
		4B683B6E21065258006EBF40 /* Base */ = {isa = PBXFileReference; lastKnownFileType = file.storyboard; name = Base; path = Base.lproj/Main.storyboard; sourceTree = "<group>"; };
		4B683B7121065258006EBF40 /* VolunteerHourTrackerV2.xcdatamodel */ = {isa = PBXFileReference; lastKnownFileType = wrapper.xcdatamodel; path = VolunteerHourTrackerV2.xcdatamodel; sourceTree = "<group>"; };
		4B683B7321065259006EBF40 /* Assets.xcassets */ = {isa = PBXFileReference; lastKnownFileType = folder.assetcatalog; path = Assets.xcassets; sourceTree = "<group>"; };
		4B683B7621065259006EBF40 /* Base */ = {isa = PBXFileReference; lastKnownFileType = file.storyboard; name = Base; path = Base.lproj/LaunchScreen.storyboard; sourceTree = "<group>"; };
		4B683B7821065259006EBF40 /* Info.plist */ = {isa = PBXFileReference; lastKnownFileType = text.plist.xml; path = Info.plist; sourceTree = "<group>"; };
		4B683B7E2106537E006EBF40 /* HoursTableViewController.swift */ = {isa = PBXFileReference; lastKnownFileType = sourcecode.swift; path = HoursTableViewController.swift; sourceTree = "<group>"; };
		4B683B8521065502006EBF40 /* HourTableViewCell.swift */ = {isa = PBXFileReference; lastKnownFileType = sourcecode.swift; path = HourTableViewCell.swift; sourceTree = "<group>"; };
		4B683B872106698A006EBF40 /* CreateEntryViewController.swift */ = {isa = PBXFileReference; lastKnownFileType = sourcecode.swift; path = CreateEntryViewController.swift; sourceTree = "<group>"; };
		4B86132E210A4401006FF198 /* DonationTableViewCell.swift */ = {isa = PBXFileReference; lastKnownFileType = sourcecode.swift; path = DonationTableViewCell.swift; sourceTree = "<group>"; };
		4B861330210A8AA6006FF198 /* DonationViewController.swift */ = {isa = PBXFileReference; lastKnownFileType = sourcecode.swift; path = DonationViewController.swift; sourceTree = "<group>"; };
		4BA25E8B2107EC650044E4B2 /* Date+convertToString.swift */ = {isa = PBXFileReference; fileEncoding = 4; lastKnownFileType = sourcecode.swift; path = "Date+convertToString.swift"; sourceTree = "<group>"; };
		4BA25E8D2108E5BA0044E4B2 /* CoreDataHelper.swift */ = {isa = PBXFileReference; lastKnownFileType = sourcecode.swift; path = CoreDataHelper.swift; sourceTree = "<group>"; };
		4BE3467321120D470049D14D /* pdfViewController.swift */ = {isa = PBXFileReference; lastKnownFileType = sourcecode.swift; path = pdfViewController.swift; sourceTree = "<group>"; };
		4BE3467521121BD10049D14D /* DataProviderHelper.swift */ = {isa = PBXFileReference; lastKnownFileType = sourcecode.swift; path = DataProviderHelper.swift; sourceTree = "<group>"; };
		B48939C697F6CC9B5201FA3F /* Pods_VolunteerHourTrackerV2.framework */ = {isa = PBXFileReference; explicitFileType = wrapper.framework; includeInIndex = 0; path = Pods_VolunteerHourTrackerV2.framework; sourceTree = BUILT_PRODUCTS_DIR; };
		C35E8BB0710A560DF92244A5 /* Pods-VolunteerHourTrackerV2.release.xcconfig */ = {isa = PBXFileReference; includeInIndex = 1; lastKnownFileType = text.xcconfig; name = "Pods-VolunteerHourTrackerV2.release.xcconfig"; path = "Pods/Target Support Files/Pods-VolunteerHourTrackerV2/Pods-VolunteerHourTrackerV2.release.xcconfig"; sourceTree = "<group>"; };
		EEEBE3CA20A106AA0B732E1E /* Pods-VolunteerHourTrackerV2.debug.xcconfig */ = {isa = PBXFileReference; includeInIndex = 1; lastKnownFileType = text.xcconfig; name = "Pods-VolunteerHourTrackerV2.debug.xcconfig"; path = "Pods/Target Support Files/Pods-VolunteerHourTrackerV2/Pods-VolunteerHourTrackerV2.debug.xcconfig"; sourceTree = "<group>"; };
/* End PBXFileReference section */

/* Begin PBXFrameworksBuildPhase section */
		4B683B6321065258006EBF40 /* Frameworks */ = {
			isa = PBXFrameworksBuildPhase;
			buildActionMask = 2147483647;
			files = (
				49704B2238F8C05C2E3C5FB7 /* Pods_VolunteerHourTrackerV2.framework in Frameworks */,
			);
			runOnlyForDeploymentPostprocessing = 0;
		};
/* End PBXFrameworksBuildPhase section */

/* Begin PBXGroup section */
		0430865F6F22F7E13B1249D1 /* Frameworks */ = {
			isa = PBXGroup;
			children = (
				B48939C697F6CC9B5201FA3F /* Pods_VolunteerHourTrackerV2.framework */,
			);
			name = Frameworks;
			sourceTree = "<group>";
		};
		18DBEDD5D14BDC0C2B0895AA /* Pods */ = {
			isa = PBXGroup;
			children = (
				EEEBE3CA20A106AA0B732E1E /* Pods-VolunteerHourTrackerV2.debug.xcconfig */,
				C35E8BB0710A560DF92244A5 /* Pods-VolunteerHourTrackerV2.release.xcconfig */,
			);
			name = Pods;
			sourceTree = "<group>";
		};
		4B683B5D21065257006EBF40 = {
			isa = PBXGroup;
			children = (
				4B683B6821065258006EBF40 /* VolunteerHourTrackerV2 */,
				4B683B6721065258006EBF40 /* Products */,
				18DBEDD5D14BDC0C2B0895AA /* Pods */,
				0430865F6F22F7E13B1249D1 /* Frameworks */,
			);
			sourceTree = "<group>";
		};
		4B683B6721065258006EBF40 /* Products */ = {
			isa = PBXGroup;
			children = (
				4B683B6621065258006EBF40 /* VolunteerHourTrackerV2.app */,
			);
			name = Products;
			sourceTree = "<group>";
		};
		4B683B6821065258006EBF40 /* VolunteerHourTrackerV2 */ = {
			isa = PBXGroup;
			children = (
				4B683B84210654C7006EBF40 /* Models */,
				4B683B83210654BB006EBF40 /* Views */,
				4B683B82210654B5006EBF40 /* Controllers */,
				4B683B81210654AC006EBF40 /* Extensions */,
				4B683B80210654A5006EBF40 /* Helpers */,
				4B683B6921065258006EBF40 /* AppDelegate.swift */,
				4B683B6D21065258006EBF40 /* Main.storyboard */,
				4B683B7321065259006EBF40 /* Assets.xcassets */,
				4B683B7521065259006EBF40 /* LaunchScreen.storyboard */,
				4B683B7821065259006EBF40 /* Info.plist */,
				4B683B7021065258006EBF40 /* VolunteerHourTrackerV2.xcdatamodeld */,
			);
			path = VolunteerHourTrackerV2;
			sourceTree = "<group>";
		};
		4B683B80210654A5006EBF40 /* Helpers */ = {
			isa = PBXGroup;
			children = (
				4BA25E8D2108E5BA0044E4B2 /* CoreDataHelper.swift */,
				4BE3467521121BD10049D14D /* DataProviderHelper.swift */,
			);
			path = Helpers;
			sourceTree = "<group>";
		};
		4B683B81210654AC006EBF40 /* Extensions */ = {
			isa = PBXGroup;
			children = (
				4BA25E8B2107EC650044E4B2 /* Date+convertToString.swift */,
				4B19BFCF210BDA9300451CC9 /* KeyboardDismissExtension.swift */,
			);
			path = Extensions;
			sourceTree = "<group>";
		};
		4B683B82210654B5006EBF40 /* Controllers */ = {
			isa = PBXGroup;
			children = (
				4B683B7E2106537E006EBF40 /* HoursTableViewController.swift */,
				4B683B872106698A006EBF40 /* CreateEntryViewController.swift */,
				4B861330210A8AA6006FF198 /* DonationViewController.swift */,
				4BE3467321120D470049D14D /* pdfViewController.swift */,
			);
			path = Controllers;
			sourceTree = "<group>";
		};
		4B683B83210654BB006EBF40 /* Views */ = {
			isa = PBXGroup;
			children = (
				4B683B8521065502006EBF40 /* HourTableViewCell.swift */,
				4B86132E210A4401006FF198 /* DonationTableViewCell.swift */,
			);
			path = Views;
			sourceTree = "<group>";
		};
		4B683B84210654C7006EBF40 /* Models */ = {
			isa = PBXGroup;
			children = (
			);
			path = Models;
			sourceTree = "<group>";
		};
/* End PBXGroup section */

/* Begin PBXNativeTarget section */
		4B683B6521065258006EBF40 /* VolunteerHourTrackerV2 */ = {
			isa = PBXNativeTarget;
			buildConfigurationList = 4B683B7B21065259006EBF40 /* Build configuration list for PBXNativeTarget "VolunteerHourTrackerV2" */;
			buildPhases = (
				50CF98FA5A97A0D31FE4F8E9 /* [CP] Check Pods Manifest.lock */,
				4B683B6221065258006EBF40 /* Sources */,
				4B683B6321065258006EBF40 /* Frameworks */,
				4B683B6421065258006EBF40 /* Resources */,
				828CA331F3AB03E2F7407717 /* [CP] Embed Pods Frameworks */,
			);
			buildRules = (
			);
			dependencies = (
			);
			name = VolunteerHourTrackerV2;
			productName = VolunteerHourTrackerV2;
			productReference = 4B683B6621065258006EBF40 /* VolunteerHourTrackerV2.app */;
			productType = "com.apple.product-type.application";
		};
/* End PBXNativeTarget section */

/* Begin PBXProject section */
		4B683B5E21065257006EBF40 /* Project object */ = {
			isa = PBXProject;
			attributes = {
				LastSwiftUpdateCheck = 0940;
				LastUpgradeCheck = 0940;
				ORGANIZATIONNAME = "Emily Jewik";
				TargetAttributes = {
					4B683B6521065258006EBF40 = {
						CreatedOnToolsVersion = 9.4.1;
					};
				};
			};
			buildConfigurationList = 4B683B6121065257006EBF40 /* Build configuration list for PBXProject "VolunteerHourTrackerV2" */;
			compatibilityVersion = "Xcode 9.3";
			developmentRegion = en;
			hasScannedForEncodings = 0;
			knownRegions = (
				en,
				Base,
			);
			mainGroup = 4B683B5D21065257006EBF40;
			productRefGroup = 4B683B6721065258006EBF40 /* Products */;
			projectDirPath = "";
			projectRoot = "";
			targets = (
				4B683B6521065258006EBF40 /* VolunteerHourTrackerV2 */,
			);
		};
/* End PBXProject section */

/* Begin PBXResourcesBuildPhase section */
		4B683B6421065258006EBF40 /* Resources */ = {
			isa = PBXResourcesBuildPhase;
			buildActionMask = 2147483647;
			files = (
				4B683B7721065259006EBF40 /* LaunchScreen.storyboard in Resources */,
				4B683B7421065259006EBF40 /* Assets.xcassets in Resources */,
				4B683B6F21065258006EBF40 /* Main.storyboard in Resources */,
			);
			runOnlyForDeploymentPostprocessing = 0;
		};
/* End PBXResourcesBuildPhase section */

/* Begin PBXShellScriptBuildPhase section */
		50CF98FA5A97A0D31FE4F8E9 /* [CP] Check Pods Manifest.lock */ = {
			isa = PBXShellScriptBuildPhase;
			buildActionMask = 2147483647;
			files = (
			);
			inputPaths = (
				"${PODS_PODFILE_DIR_PATH}/Podfile.lock",
				"${PODS_ROOT}/Manifest.lock",
			);
			name = "[CP] Check Pods Manifest.lock";
			outputPaths = (
				"$(DERIVED_FILE_DIR)/Pods-VolunteerHourTrackerV2-checkManifestLockResult.txt",
			);
			runOnlyForDeploymentPostprocessing = 0;
			shellPath = /bin/sh;
			shellScript = "diff \"${PODS_PODFILE_DIR_PATH}/Podfile.lock\" \"${PODS_ROOT}/Manifest.lock\" > /dev/null\nif [ $? != 0 ] ; then\n    # print error to STDERR\n    echo \"error: The sandbox is not in sync with the Podfile.lock. Run 'pod install' or update your CocoaPods installation.\" >&2\n    exit 1\nfi\n# This output is used by Xcode 'outputs' to avoid re-running this script phase.\necho \"SUCCESS\" > \"${SCRIPT_OUTPUT_FILE_0}\"\n";
			showEnvVarsInLog = 0;
		};
		828CA331F3AB03E2F7407717 /* [CP] Embed Pods Frameworks */ = {
			isa = PBXShellScriptBuildPhase;
			buildActionMask = 2147483647;
			files = (
			);
			inputPaths = (
				"${SRCROOT}/Pods/Target Support Files/Pods-VolunteerHourTrackerV2/Pods-VolunteerHourTrackerV2-frameworks.sh",
				"${BUILT_PRODUCTS_DIR}/SimplePDF/SimplePDF.framework",
			);
			name = "[CP] Embed Pods Frameworks";
			outputPaths = (
				"${TARGET_BUILD_DIR}/${FRAMEWORKS_FOLDER_PATH}/SimplePDF.framework",
			);
			runOnlyForDeploymentPostprocessing = 0;
			shellPath = /bin/sh;
			shellScript = "\"${SRCROOT}/Pods/Target Support Files/Pods-VolunteerHourTrackerV2/Pods-VolunteerHourTrackerV2-frameworks.sh\"\n";
			showEnvVarsInLog = 0;
		};
/* End PBXShellScriptBuildPhase section */

/* Begin PBXSourcesBuildPhase section */
		4B683B6221065258006EBF40 /* Sources */ = {
			isa = PBXSourcesBuildPhase;
			buildActionMask = 2147483647;
			files = (
				4BE3467621121BD10049D14D /* DataProviderHelper.swift in Sources */,
				4B861331210A8AA6006FF198 /* DonationViewController.swift in Sources */,
				4BA25E8C2107EC650044E4B2 /* Date+convertToString.swift in Sources */,
				4B683B882106698A006EBF40 /* CreateEntryViewController.swift in Sources */,
				4B683B7221065258006EBF40 /* VolunteerHourTrackerV2.xcdatamodeld in Sources */,
				4BA25E8E2108E5BA0044E4B2 /* CoreDataHelper.swift in Sources */,
				4B683B6A21065258006EBF40 /* AppDelegate.swift in Sources */,
				4BE3467421120D470049D14D /* pdfViewController.swift in Sources */,
				4B86132F210A4401006FF198 /* DonationTableViewCell.swift in Sources */,
				4B683B7F2106537E006EBF40 /* HoursTableViewController.swift in Sources */,
				4B683B8621065502006EBF40 /* HourTableViewCell.swift in Sources */,
				4B19BFD0210BDA9300451CC9 /* KeyboardDismissExtension.swift in Sources */,
			);
			runOnlyForDeploymentPostprocessing = 0;
		};
/* End PBXSourcesBuildPhase section */

/* Begin PBXVariantGroup section */
		4B683B6D21065258006EBF40 /* Main.storyboard */ = {
			isa = PBXVariantGroup;
			children = (
				4B683B6E21065258006EBF40 /* Base */,
			);
			name = Main.storyboard;
			sourceTree = "<group>";
		};
		4B683B7521065259006EBF40 /* LaunchScreen.storyboard */ = {
			isa = PBXVariantGroup;
			children = (
				4B683B7621065259006EBF40 /* Base */,
			);
			name = LaunchScreen.storyboard;
			sourceTree = "<group>";
		};
/* End PBXVariantGroup section */

/* Begin XCBuildConfiguration section */
		4B683B7921065259006EBF40 /* Debug */ = {
			isa = XCBuildConfiguration;
			buildSettings = {
				ALWAYS_SEARCH_USER_PATHS = NO;
				CLANG_ANALYZER_NONNULL = YES;
				CLANG_ANALYZER_NUMBER_OBJECT_CONVERSION = YES_AGGRESSIVE;
				CLANG_CXX_LANGUAGE_STANDARD = "gnu++14";
				CLANG_CXX_LIBRARY = "libc++";
				CLANG_ENABLE_MODULES = YES;
				CLANG_ENABLE_OBJC_ARC = YES;
				CLANG_ENABLE_OBJC_WEAK = YES;
				CLANG_WARN_BLOCK_CAPTURE_AUTORELEASING = YES;
				CLANG_WARN_BOOL_CONVERSION = YES;
				CLANG_WARN_COMMA = YES;
				CLANG_WARN_CONSTANT_CONVERSION = YES;
				CLANG_WARN_DEPRECATED_OBJC_IMPLEMENTATIONS = YES;
				CLANG_WARN_DIRECT_OBJC_ISA_USAGE = YES_ERROR;
				CLANG_WARN_DOCUMENTATION_COMMENTS = YES;
				CLANG_WARN_EMPTY_BODY = YES;
				CLANG_WARN_ENUM_CONVERSION = YES;
				CLANG_WARN_INFINITE_RECURSION = YES;
				CLANG_WARN_INT_CONVERSION = YES;
				CLANG_WARN_NON_LITERAL_NULL_CONVERSION = YES;
				CLANG_WARN_OBJC_IMPLICIT_RETAIN_SELF = YES;
				CLANG_WARN_OBJC_LITERAL_CONVERSION = YES;
				CLANG_WARN_OBJC_ROOT_CLASS = YES_ERROR;
				CLANG_WARN_RANGE_LOOP_ANALYSIS = YES;
				CLANG_WARN_STRICT_PROTOTYPES = YES;
				CLANG_WARN_SUSPICIOUS_MOVE = YES;
				CLANG_WARN_UNGUARDED_AVAILABILITY = YES_AGGRESSIVE;
				CLANG_WARN_UNREACHABLE_CODE = YES;
				CLANG_WARN__DUPLICATE_METHOD_MATCH = YES;
				CODE_SIGN_IDENTITY = "iPhone Developer";
				COPY_PHASE_STRIP = NO;
				DEBUG_INFORMATION_FORMAT = dwarf;
				ENABLE_STRICT_OBJC_MSGSEND = YES;
				ENABLE_TESTABILITY = YES;
				GCC_C_LANGUAGE_STANDARD = gnu11;
				GCC_DYNAMIC_NO_PIC = NO;
				GCC_NO_COMMON_BLOCKS = YES;
				GCC_OPTIMIZATION_LEVEL = 0;
				GCC_PREPROCESSOR_DEFINITIONS = (
					"DEBUG=1",
					"$(inherited)",
				);
				GCC_WARN_64_TO_32_BIT_CONVERSION = YES;
				GCC_WARN_ABOUT_RETURN_TYPE = YES_ERROR;
				GCC_WARN_UNDECLARED_SELECTOR = YES;
				GCC_WARN_UNINITIALIZED_AUTOS = YES_AGGRESSIVE;
				GCC_WARN_UNUSED_FUNCTION = YES;
				GCC_WARN_UNUSED_VARIABLE = YES;
				IPHONEOS_DEPLOYMENT_TARGET = 11.4;
				MTL_ENABLE_DEBUG_INFO = YES;
				ONLY_ACTIVE_ARCH = YES;
				SDKROOT = iphoneos;
				SWIFT_ACTIVE_COMPILATION_CONDITIONS = DEBUG;
				SWIFT_OPTIMIZATION_LEVEL = "-Onone";
			};
			name = Debug;
		};
		4B683B7A21065259006EBF40 /* Release */ = {
			isa = XCBuildConfiguration;
			buildSettings = {
				ALWAYS_SEARCH_USER_PATHS = NO;
				CLANG_ANALYZER_NONNULL = YES;
				CLANG_ANALYZER_NUMBER_OBJECT_CONVERSION = YES_AGGRESSIVE;
				CLANG_CXX_LANGUAGE_STANDARD = "gnu++14";
				CLANG_CXX_LIBRARY = "libc++";
				CLANG_ENABLE_MODULES = YES;
				CLANG_ENABLE_OBJC_ARC = YES;
				CLANG_ENABLE_OBJC_WEAK = YES;
				CLANG_WARN_BLOCK_CAPTURE_AUTORELEASING = YES;
				CLANG_WARN_BOOL_CONVERSION = YES;
				CLANG_WARN_COMMA = YES;
				CLANG_WARN_CONSTANT_CONVERSION = YES;
				CLANG_WARN_DEPRECATED_OBJC_IMPLEMENTATIONS = YES;
				CLANG_WARN_DIRECT_OBJC_ISA_USAGE = YES_ERROR;
				CLANG_WARN_DOCUMENTATION_COMMENTS = YES;
				CLANG_WARN_EMPTY_BODY = YES;
				CLANG_WARN_ENUM_CONVERSION = YES;
				CLANG_WARN_INFINITE_RECURSION = YES;
				CLANG_WARN_INT_CONVERSION = YES;
				CLANG_WARN_NON_LITERAL_NULL_CONVERSION = YES;
				CLANG_WARN_OBJC_IMPLICIT_RETAIN_SELF = YES;
				CLANG_WARN_OBJC_LITERAL_CONVERSION = YES;
				CLANG_WARN_OBJC_ROOT_CLASS = YES_ERROR;
				CLANG_WARN_RANGE_LOOP_ANALYSIS = YES;
				CLANG_WARN_STRICT_PROTOTYPES = YES;
				CLANG_WARN_SUSPICIOUS_MOVE = YES;
				CLANG_WARN_UNGUARDED_AVAILABILITY = YES_AGGRESSIVE;
				CLANG_WARN_UNREACHABLE_CODE = YES;
				CLANG_WARN__DUPLICATE_METHOD_MATCH = YES;
				CODE_SIGN_IDENTITY = "iPhone Developer";
				COPY_PHASE_STRIP = NO;
				DEBUG_INFORMATION_FORMAT = "dwarf-with-dsym";
				ENABLE_NS_ASSERTIONS = NO;
				ENABLE_STRICT_OBJC_MSGSEND = YES;
				GCC_C_LANGUAGE_STANDARD = gnu11;
				GCC_NO_COMMON_BLOCKS = YES;
				GCC_WARN_64_TO_32_BIT_CONVERSION = YES;
				GCC_WARN_ABOUT_RETURN_TYPE = YES_ERROR;
				GCC_WARN_UNDECLARED_SELECTOR = YES;
				GCC_WARN_UNINITIALIZED_AUTOS = YES_AGGRESSIVE;
				GCC_WARN_UNUSED_FUNCTION = YES;
				GCC_WARN_UNUSED_VARIABLE = YES;
				IPHONEOS_DEPLOYMENT_TARGET = 11.4;
				MTL_ENABLE_DEBUG_INFO = NO;
				SDKROOT = iphoneos;
				SWIFT_COMPILATION_MODE = wholemodule;
				SWIFT_OPTIMIZATION_LEVEL = "-O";
				VALIDATE_PRODUCT = YES;
			};
			name = Release;
		};
		4B683B7C21065259006EBF40 /* Debug */ = {
			isa = XCBuildConfiguration;
			baseConfigurationReference = EEEBE3CA20A106AA0B732E1E /* Pods-VolunteerHourTrackerV2.debug.xcconfig */;
			buildSettings = {
				ASSETCATALOG_COMPILER_APPICON_NAME = AppIcon;
				CODE_SIGN_STYLE = Automatic;
				INFOPLIST_FILE = VolunteerHourTrackerV2/Info.plist;
				LD_RUNPATH_SEARCH_PATHS = (
					"$(inherited)",
					"@executable_path/Frameworks",
				);
				PRODUCT_BUNDLE_IDENTIFIER = com.EmilyJewik.VolunteerHourTrackerV2;
				PRODUCT_NAME = "$(TARGET_NAME)";
				SWIFT_VERSION = 4.0;
				TARGETED_DEVICE_FAMILY = "1,2";
			};
			name = Debug;
		};
		4B683B7D21065259006EBF40 /* Release */ = {
			isa = XCBuildConfiguration;
			baseConfigurationReference = C35E8BB0710A560DF92244A5 /* Pods-VolunteerHourTrackerV2.release.xcconfig */;
			buildSettings = {
				ASSETCATALOG_COMPILER_APPICON_NAME = AppIcon;
				CODE_SIGN_STYLE = Automatic;
				INFOPLIST_FILE = VolunteerHourTrackerV2/Info.plist;
				LD_RUNPATH_SEARCH_PATHS = (
					"$(inherited)",
					"@executable_path/Frameworks",
				);
				PRODUCT_BUNDLE_IDENTIFIER = com.EmilyJewik.VolunteerHourTrackerV2;
				PRODUCT_NAME = "$(TARGET_NAME)";
				SWIFT_VERSION = 4.0;
				TARGETED_DEVICE_FAMILY = "1,2";
			};
			name = Release;
		};
/* End XCBuildConfiguration section */

/* Begin XCConfigurationList section */
		4B683B6121065257006EBF40 /* Build configuration list for PBXProject "VolunteerHourTrackerV2" */ = {
			isa = XCConfigurationList;
			buildConfigurations = (
				4B683B7921065259006EBF40 /* Debug */,
				4B683B7A21065259006EBF40 /* Release */,
			);
			defaultConfigurationIsVisible = 0;
			defaultConfigurationName = Release;
		};
		4B683B7B21065259006EBF40 /* Build configuration list for PBXNativeTarget "VolunteerHourTrackerV2" */ = {
			isa = XCConfigurationList;
			buildConfigurations = (
				4B683B7C21065259006EBF40 /* Debug */,
				4B683B7D21065259006EBF40 /* Release */,
			);
			defaultConfigurationIsVisible = 0;
			defaultConfigurationName = Release;
		};
/* End XCConfigurationList section */

/* Begin XCVersionGroup section */
		4B683B7021065258006EBF40 /* VolunteerHourTrackerV2.xcdatamodeld */ = {
			isa = XCVersionGroup;
			children = (
				4B683B7121065258006EBF40 /* VolunteerHourTrackerV2.xcdatamodel */,
			);
			currentVersion = 4B683B7121065258006EBF40 /* VolunteerHourTrackerV2.xcdatamodel */;
			path = VolunteerHourTrackerV2.xcdatamodeld;
			sourceTree = "<group>";
			versionGroupType = wrapper.xcdatamodel;
		};
/* End XCVersionGroup section */
	};
	rootObject = 4B683B5E21065257006EBF40 /* Project object */;
}
